
Microsoft Visual Studio Solution File, Format Version 12.00
# Visual Studio 15
VisualStudioVersion = 15.0.28307.329
MinimumVisualStudioVersion = 10.0.40219.1
Project("{8BC9CEB8-8B4A-11D0-8D11-00A0C91BC942}") = "Practical1", "Practical1\Practical1.vcxproj", "{8ED40392-7BFF-419A-82C4-86E1E4EB9F16}"
EndProject
Project("{8BC9CEB8-8B4A-11D0-8D11-00A0C91BC942}") = "Practical2", "Practical2\Practical2.vcxproj", "{60FFDFBD-A868-4386-B26A-B2BBB40D1DF3}"
EndProject
Project("{8BC9CEB8-8B4A-11D0-8D11-00A0C91BC942}") = "Practical1-SecondAttempt", "Practical1-SecondAttempt\Practical1-SecondAttempt.vcxproj", "{22236113-21FB-49A9-8DCA-2118EC07EC80}"
EndProject
Project("{8BC9CEB8-8B4A-11D0-8D11-00A0C91BC942}") = "Practical3", "Practical3\Practical3.vcxproj", "{48EE73A9-E463-45AF-BBDE-1086B9A4611E}"
EndProject
Project("{8BC9CEB8-8B4A-11D0-8D11-00A0C91BC942}") = "Assignment1", "Assignment1\Assignment1.vcxproj", "{E8DE95AD-5559-4BA3-9D08-4F9658463832}"
EndProject
Project("{8BC9CEB8-8B4A-11D0-8D11-00A0C91BC942}") = "Assignment1-rework", "Assignment1-rework\Assignment1-rework.vcxproj", "{5C61D532-12BB-48DC-BB5C-6B2E9A09E99C}"
EndProject
Project("{8BC9CEB8-8B4A-11D0-8D11-00A0C91BC942}") = "Practical5", "Practical5\Practical5.vcxproj", "{162B3D66-13A2-4110-AC51-FE1C904D2760}"
EndProject
Project("{8BC9CEB8-8B4A-11D0-8D11-00A0C91BC942}") = "Assignment1-mapBased", "Assignment1-mapBased\Assignment1-mapBased.vcxproj", "{259FAC1B-3725-41AD-9830-F8188AE63612}"
EndProject
Global
	GlobalSection(SolutionConfigurationPlatforms) = preSolution
		Debug|x64 = Debug|x64
		Debug|x86 = Debug|x86
		Release|x64 = Release|x64
		Release|x86 = Release|x86
	EndGlobalSection
	GlobalSection(ProjectConfigurationPlatforms) = postSolution
		{8ED40392-7BFF-419A-82C4-86E1E4EB9F16}.Debug|x64.ActiveCfg = Debug|x64
		{8ED40392-7BFF-419A-82C4-86E1E4EB9F16}.Debug|x64.Build.0 = Debug|x64
		{8ED40392-7BFF-419A-82C4-86E1E4EB9F16}.Debug|x86.ActiveCfg = Debug|Win32
		{8ED40392-7BFF-419A-82C4-86E1E4EB9F16}.Debug|x86.Build.0 = Debug|Win32
		{8ED40392-7BFF-419A-82C4-86E1E4EB9F16}.Release|x64.ActiveCfg = Release|x64
		{8ED40392-7BFF-419A-82C4-86E1E4EB9F16}.Release|x64.Build.0 = Release|x64
		{8ED40392-7BFF-419A-82C4-86E1E4EB9F16}.Release|x86.ActiveCfg = Release|Win32
		{8ED40392-7BFF-419A-82C4-86E1E4EB9F16}.Release|x86.Build.0 = Release|Win32
		{60FFDFBD-A868-4386-B26A-B2BBB40D1DF3}.Debug|x64.ActiveCfg = Debug|x64
		{60FFDFBD-A868-4386-B26A-B2BBB40D1DF3}.Debug|x64.Build.0 = Debug|x64
		{60FFDFBD-A868-4386-B26A-B2BBB40D1DF3}.Debug|x86.ActiveCfg = Debug|Win32
		{60FFDFBD-A868-4386-B26A-B2BBB40D1DF3}.Debug|x86.Build.0 = Debug|Win32
		{60FFDFBD-A868-4386-B26A-B2BBB40D1DF3}.Release|x64.ActiveCfg = Release|x64
		{60FFDFBD-A868-4386-B26A-B2BBB40D1DF3}.Release|x64.Build.0 = Release|x64
		{60FFDFBD-A868-4386-B26A-B2BBB40D1DF3}.Release|x86.ActiveCfg = Release|Win32
		{60FFDFBD-A868-4386-B26A-B2BBB40D1DF3}.Release|x86.Build.0 = Release|Win32
		{22236113-21FB-49A9-8DCA-2118EC07EC80}.Debug|x64.ActiveCfg = Debug|x64
		{22236113-21FB-49A9-8DCA-2118EC07EC80}.Debug|x64.Build.0 = Debug|x64
		{22236113-21FB-49A9-8DCA-2118EC07EC80}.Debug|x86.ActiveCfg = Debug|Win32
		{22236113-21FB-49A9-8DCA-2118EC07EC80}.Debug|x86.Build.0 = Debug|Win32
		{22236113-21FB-49A9-8DCA-2118EC07EC80}.Release|x64.ActiveCfg = Release|x64
		{22236113-21FB-49A9-8DCA-2118EC07EC80}.Release|x64.Build.0 = Release|x64
		{22236113-21FB-49A9-8DCA-2118EC07EC80}.Release|x86.ActiveCfg = Release|Win32
		{22236113-21FB-49A9-8DCA-2118EC07EC80}.Release|x86.Build.0 = Release|Win32
		{48EE73A9-E463-45AF-BBDE-1086B9A4611E}.Debug|x64.ActiveCfg = Debug|x64
		{48EE73A9-E463-45AF-BBDE-1086B9A4611E}.Debug|x64.Build.0 = Debug|x64
		{48EE73A9-E463-45AF-BBDE-1086B9A4611E}.Debug|x86.ActiveCfg = Debug|Win32
		{48EE73A9-E463-45AF-BBDE-1086B9A4611E}.Debug|x86.Build.0 = Debug|Win32
		{48EE73A9-E463-45AF-BBDE-1086B9A4611E}.Release|x64.ActiveCfg = Release|x64
		{48EE73A9-E463-45AF-BBDE-1086B9A4611E}.Release|x64.Build.0 = Release|x64
		{48EE73A9-E463-45AF-BBDE-1086B9A4611E}.Release|x86.ActiveCfg = Release|Win32
		{48EE73A9-E463-45AF-BBDE-1086B9A4611E}.Release|x86.Build.0 = Release|Win32
		{E8DE95AD-5559-4BA3-9D08-4F9658463832}.Debug|x64.ActiveCfg = Debug|x64
		{E8DE95AD-5559-4BA3-9D08-4F9658463832}.Debug|x64.Build.0 = Debug|x64
		{E8DE95AD-5559-4BA3-9D08-4F9658463832}.Debug|x86.ActiveCfg = Debug|Win32
		{E8DE95AD-5559-4BA3-9D08-4F9658463832}.Debug|x86.Build.0 = Debug|Win32
		{E8DE95AD-5559-4BA3-9D08-4F9658463832}.Release|x64.ActiveCfg = Release|x64
		{E8DE95AD-5559-4BA3-9D08-4F9658463832}.Release|x64.Build.0 = Release|x64
		{E8DE95AD-5559-4BA3-9D08-4F9658463832}.Release|x86.ActiveCfg = Release|Win32
		{E8DE95AD-5559-4BA3-9D08-4F9658463832}.Release|x86.Build.0 = Release|Win32
		{5C61D532-12BB-48DC-BB5C-6B2E9A09E99C}.Debug|x64.ActiveCfg = Debug|x64
		{5C61D532-12BB-48DC-BB5C-6B2E9A09E99C}.Debug|x64.Build.0 = Debug|x64
		{5C61D532-12BB-48DC-BB5C-6B2E9A09E99C}.Debug|x86.ActiveCfg = Debug|Win32
		{5C61D532-12BB-48DC-BB5C-6B2E9A09E99C}.Debug|x86.Build.0 = Debug|Win32
		{5C61D532-12BB-48DC-BB5C-6B2E9A09E99C}.Release|x64.ActiveCfg = Release|x64
		{5C61D532-12BB-48DC-BB5C-6B2E9A09E99C}.Release|x64.Build.0 = Release|x64
		{5C61D532-12BB-48DC-BB5C-6B2E9A09E99C}.Release|x86.ActiveCfg = Release|Win32
		{5C61D532-12BB-48DC-BB5C-6B2E9A09E99C}.Release|x86.Build.0 = Release|Win32
		{162B3D66-13A2-4110-AC51-FE1C904D2760}.Debug|x64.ActiveCfg = Debug|x64
		{162B3D66-13A2-4110-AC51-FE1C904D2760}.Debug|x64.Build.0 = Debug|x64
		{162B3D66-13A2-4110-AC51-FE1C904D2760}.Debug|x86.ActiveCfg = Debug|Win32
		{162B3D66-13A2-4110-AC51-FE1C904D2760}.Debug|x86.Build.0 = Debug|Win32
		{162B3D66-13A2-4110-AC51-FE1C904D2760}.Release|x64.ActiveCfg = Release|x64
		{162B3D66-13A2-4110-AC51-FE1C904D2760}.Release|x64.Build.0 = Release|x64
		{162B3D66-13A2-4110-AC51-FE1C904D2760}.Release|x86.ActiveCfg = Release|Win32
		{162B3D66-13A2-4110-AC51-FE1C904D2760}.Release|x86.Build.0 = Release|Win32
		{259FAC1B-3725-41AD-9830-F8188AE63612}.Debug|x64.ActiveCfg = Debug|x64
		{259FAC1B-3725-41AD-9830-F8188AE63612}.Debug|x64.Build.0 = Debug|x64
		{259FAC1B-3725-41AD-9830-F8188AE63612}.Debug|x86.ActiveCfg = Debug|Win32
		{259FAC1B-3725-41AD-9830-F8188AE63612}.Debug|x86.Build.0 = Debug|Win32
		{259FAC1B-3725-41AD-9830-F8188AE63612}.Release|x64.ActiveCfg = Release|x64
		{259FAC1B-3725-41AD-9830-F8188AE63612}.Release|x64.Build.0 = Release|x64
		{259FAC1B-3725-41AD-9830-F8188AE63612}.Release|x86.ActiveCfg = Release|Win32
		{259FAC1B-3725-41AD-9830-F8188AE63612}.Release|x86.Build.0 = Release|Win32
	EndGlobalSection
	GlobalSection(SolutionProperties) = preSolution
		HideSolutionNode = FALSE
	EndGlobalSection
	GlobalSection(ExtensibilityGlobals) = postSolution
		SolutionGuid = {5044F694-8AF8-40B3-9846-EDE9CD3F214D}
	EndGlobalSection
EndGlobal
